
Microsoft Visual Studio Solution File, Format Version 12.00
# Visual Studio Version 16
VisualStudioVersion = 16.0.30709.132
MinimumVisualStudioVersion = 10.0.40219.1
Project("{FAE04EC0-301F-11D3-BF4B-00C04F79EFBC}") = "OnSale.Common", "OnSale.Common\OnSale.Common.csproj", "{11FB799D-2C86-4212-A56C-9BA756B4DF1E}"
EndProject
Project("{FAE04EC0-301F-11D3-BF4B-00C04F79EFBC}") = "OnSale.Web", "OnSale.Web\OnSale.Web.csproj", "{D758284D-4F2E-4091-948F-F09A9D91A06F}"
EndProject
Global
	GlobalSection(SolutionConfigurationPlatforms) = preSolution
		Debug|Any CPU = Debug|Any CPU
		Release|Any CPU = Release|Any CPU
	EndGlobalSection
	GlobalSection(ProjectConfigurationPlatforms) = postSolution
		{11FB799D-2C86-4212-A56C-9BA756B4DF1E}.Debug|Any CPU.ActiveCfg = Debug|Any CPU
		{11FB799D-2C86-4212-A56C-9BA756B4DF1E}.Debug|Any CPU.Build.0 = Debug|Any CPU
		{11FB799D-2C86-4212-A56C-9BA756B4DF1E}.Release|Any CPU.ActiveCfg = Release|Any CPU
		{11FB799D-2C86-4212-A56C-9BA756B4DF1E}.Release|Any CPU.Build.0 = Release|Any CPU
		{D758284D-4F2E-4091-948F-F09A9D91A06F}.Debug|Any CPU.ActiveCfg = Debug|Any CPU
		{D758284D-4F2E-4091-948F-F09A9D91A06F}.Debug|Any CPU.Build.0 = Debug|Any CPU
		{D758284D-4F2E-4091-948F-F09A9D91A06F}.Release|Any CPU.ActiveCfg = Release|Any CPU
		{D758284D-4F2E-4091-948F-F09A9D91A06F}.Release|Any CPU.Build.0 = Release|Any CPU
	EndGlobalSection
	GlobalSection(SolutionProperties) = preSolution
		HideSolutionNode = FALSE
	EndGlobalSection
	GlobalSection(ExtensibilityGlobals) = postSolution
		SolutionGuid = {9DC9136C-BC92-4FAF-9B77-4A7557C965AD}
	EndGlobalSection
EndGlobal
